
Microsoft Visual Studio Solution File, Format Version 12.00
# Visual Studio Version 16
VisualStudioVersion = 16.0.31624.102
MinimumVisualStudioVersion = 10.0.40219.1
Project("{FAE04EC0-301F-11D3-BF4B-00C04F79EFBC}") = "HashTableProgram", "HashTableProgram\HashTableProgram.csproj", "{A638EC18-2109-4288-AF36-E3F915F8DE8B}"
EndProject
Global
	GlobalSection(SolutionConfigurationPlatforms) = preSolution
		Debug|Any CPU = Debug|Any CPU
		Release|Any CPU = Release|Any CPU
	EndGlobalSection
	GlobalSection(ProjectConfigurationPlatforms) = postSolution
		{A638EC18-2109-4288-AF36-E3F915F8DE8B}.Debug|Any CPU.ActiveCfg = Debug|Any CPU
		{A638EC18-2109-4288-AF36-E3F915F8DE8B}.Debug|Any CPU.Build.0 = Debug|Any CPU
		{A638EC18-2109-4288-AF36-E3F915F8DE8B}.Release|Any CPU.ActiveCfg = Release|Any CPU
		{A638EC18-2109-4288-AF36-E3F915F8DE8B}.Release|Any CPU.Build.0 = Release|Any CPU
	EndGlobalSection
	GlobalSection(SolutionProperties) = preSolution
		HideSolutionNode = FALSE
	EndGlobalSection
	GlobalSection(ExtensibilityGlobals) = postSolution
		SolutionGuid = {6FFA7481-87BF-46E6-B5E9-6C34B8BA330E}
	EndGlobalSection
EndGlobal
